hash: 10fb6be66ea67bacbcdfd58a72bc12dd6f29dced9cc4a3dcf438c913ecb8ed58
updated: 2016-01-14T11:23:23.67579363+01:00
imports:
- name: ..
  version: 00fcbf2958b4b655e326a639b8bb6c46c05b7158
- name: github.com/laurent22/toml-go
  version: fa06a499644c65faa23ac72a41a2f38aa3020ba8
- name: github.com/ogier/pflag
  version: 6f7159c3154e7cd4ab30f6cc9c58fa3fd0f22325
devImports: []
