github.com/laurent22/toml-go v0.0.0-20140919090424-fa06a499644c h1:7m1TNvHxrzYRVY00Y5FD+kKWTTW5Hq7LfkS8ynbPH8M=
github.com/laurent22/toml-go v0.0.0-20140919090424-fa06a499644c/go.mod h1:iFglTcyRSav7Pnc/ogQAU5yLxPG+602kGnJlpbJ9tqA=
github.com/spf13/pflag v1.0.3 h1:zPAT6CGy6wXeQ7NtTnaTerfKOsV6V6F8agHXFiazDkg=
github.com/spf13/pflag v1.0.3/go.mod h1:DYY7MBk1bdzusC3SYhjObp+wFpr4gzcvqqNjLnInEg4=
